
Microsoft Visual Studio Solution File, Format Version 12.00
# Visual Studio 15
VisualStudioVersion = 15.0.28307.271
MinimumVisualStudioVersion = 10.0.40219.1
Project("{FAE04EC0-301F-11D3-BF4B-00C04F79EFBC}") = "CrossFireBaseDemo.Android", "CrossFireBaseDemo\CrossFireBaseDemo.Android\CrossFireBaseDemo.Android.csproj", "{69F75BCA-1936-4FA2-B637-3F78E91A9892}"
EndProject
Project("{FAE04EC0-301F-11D3-BF4B-00C04F79EFBC}") = "CrossFireBaseDemo.iOS", "CrossFireBaseDemo\CrossFireBaseDemo.iOS\CrossFireBaseDemo.iOS.csproj", "{9C712AAC-9723-498F-9086-B3F34F43F0C4}"
EndProject
Project("{FAE04EC0-301F-11D3-BF4B-00C04F79EFBC}") = "CrossFireBaseDemo", "CrossFireBaseDemo\CrossFireBaseDemo\CrossFireBaseDemo.csproj", "{57FBB575-C6C8-4D0E-87B0-E9B6E803E588}"
EndProject
Global
	GlobalSection(SolutionConfigurationPlatforms) = preSolution
		Ad-Hoc|Any CPU = Ad-Hoc|Any CPU
		Ad-Hoc|iPhone = Ad-Hoc|iPhone
		Ad-Hoc|iPhoneSimulator = Ad-Hoc|iPhoneSimulator
		AppStore|Any CPU = AppStore|Any CPU
		AppStore|iPhone = AppStore|iPhone
		AppStore|iPhoneSimulator = AppStore|iPhoneSimulator
		Debug|Any CPU = Debug|Any CPU
		Debug|iPhone = Debug|iPhone
		Debug|iPhoneSimulator = Debug|iPhoneSimulator
		Release|Any CPU = Release|Any CPU
		Release|iPhone = Release|iPhone
		Release|iPhoneSimulator = Release|iPhoneSimulator
	EndGlobalSection
	GlobalSection(ProjectConfigurationPlatforms) = postSolution
		{69F75BCA-1936-4FA2-B637-3F78E91A9892}.Ad-Hoc|Any CPU.ActiveCfg = Release|Any CPU
		{69F75BCA-1936-4FA2-B637-3F78E91A9892}.Ad-Hoc|Any CPU.Build.0 = Release|Any CPU
		{69F75BCA-1936-4FA2-B637-3F78E91A9892}.Ad-Hoc|Any CPU.Deploy.0 = Release|Any CPU
		{69F75BCA-1936-4FA2-B637-3F78E91A9892}.Ad-Hoc|iPhone.ActiveCfg = Release|Any CPU
		{69F75BCA-1936-4FA2-B637-3F78E91A9892}.Ad-Hoc|iPhone.Build.0 = Release|Any CPU
		{69F75BCA-1936-4FA2-B637-3F78E91A9892}.Ad-Hoc|iPhone.Deploy.0 = Release|Any CPU
		{69F75BCA-1936-4FA2-B637-3F78E91A9892}.Ad-Hoc|iPhoneSimulator.ActiveCfg = Release|Any CPU
		{69F75BCA-1936-4FA2-B637-3F78E91A9892}.Ad-Hoc|iPhoneSimulator.Build.0 = Release|Any CPU
		{69F75BCA-1936-4FA2-B637-3F78E91A9892}.Ad-Hoc|iPhoneSimulator.Deploy.0 = Release|Any CPU
		{69F75BCA-1936-4FA2-B637-3F78E91A9892}.AppStore|Any CPU.ActiveCfg = Release|Any CPU
		{69F75BCA-1936-4FA2-B637-3F78E91A9892}.AppStore|Any CPU.Build.0 = Release|Any CPU
		{69F75BCA-1936-4FA2-B637-3F78E91A9892}.AppStore|Any CPU.Deploy.0 = Release|Any CPU
		{69F75BCA-1936-4FA2-B637-3F78E91A9892}.AppStore|iPhone.ActiveCfg = Release|Any CPU
		{69F75BCA-1936-4FA2-B637-3F78E91A9892}.AppStore|iPhone.Build.0 = Release|Any CPU
		{69F75BCA-1936-4FA2-B637-3F78E91A9892}.AppStore|iPhone.Deploy.0 = Release|Any CPU
		{69F75BCA-1936-4FA2-B637-3F78E91A9892}.AppStore|iPhoneSimulator.ActiveCfg = Release|Any CPU
		{69F75BCA-1936-4FA2-B637-3F78E91A9892}.AppStore|iPhoneSimulator.Build.0 = Release|Any CPU
		{69F75BCA-1936-4FA2-B637-3F78E91A9892}.AppStore|iPhoneSimulator.Deploy.0 = Release|Any CPU
		{69F75BCA-1936-4FA2-B637-3F78E91A9892}.Debug|Any CPU.ActiveCfg = Debug|Any CPU
		{69F75BCA-1936-4FA2-B637-3F78E91A9892}.Debug|Any CPU.Build.0 = Debug|Any CPU
		{69F75BCA-1936-4FA2-B637-3F78E91A9892}.Debug|Any CPU.Deploy.0 = Debug|Any CPU
		{69F75BCA-1936-4FA2-B637-3F78E91A9892}.Debug|iPhone.ActiveCfg = Debug|Any CPU
		{69F75BCA-1936-4FA2-B637-3F78E91A9892}.Debug|iPhone.Build.0 = Debug|Any CPU
		{69F75BCA-1936-4FA2-B637-3F78E91A9892}.Debug|iPhone.Deploy.0 = Debug|Any CPU
		{69F75BCA-1936-4FA2-B637-3F78E91A9892}.Debug|iPhoneSimulator.ActiveCfg = Debug|Any CPU
		{69F75BCA-1936-4FA2-B637-3F78E91A9892}.Debug|iPhoneSimulator.Build.0 = Debug|Any CPU
		{69F75BCA-1936-4FA2-B637-3F78E91A9892}.Debug|iPhoneSimulator.Deploy.0 = Debug|Any CPU
		{69F75BCA-1936-4FA2-B637-3F78E91A9892}.Release|Any CPU.ActiveCfg = Release|Any CPU
		{69F75BCA-1936-4FA2-B637-3F78E91A9892}.Release|Any CPU.Build.0 = Release|Any CPU
		{69F75BCA-1936-4FA2-B637-3F78E91A9892}.Release|Any CPU.Deploy.0 = Release|Any CPU
		{69F75BCA-1936-4FA2-B637-3F78E91A9892}.Release|iPhone.ActiveCfg = Release|Any CPU
		{69F75BCA-1936-4FA2-B637-3F78E91A9892}.Release|iPhone.Build.0 = Release|Any CPU
		{69F75BCA-1936-4FA2-B637-3F78E91A9892}.Release|iPhone.Deploy.0 = Release|Any CPU
		{69F75BCA-1936-4FA2-B637-3F78E91A9892}.Release|iPhoneSimulator.ActiveCfg = Release|Any CPU
		{69F75BCA-1936-4FA2-B637-3F78E91A9892}.Release|iPhoneSimulator.Build.0 = Release|Any CPU
		{69F75BCA-1936-4FA2-B637-3F78E91A9892}.Release|iPhoneSimulator.Deploy.0 = Release|Any CPU
		{9C712AAC-9723-498F-9086-B3F34F43F0C4}.Ad-Hoc|Any CPU.ActiveCfg = Ad-Hoc|iPhone
		{9C712AAC-9723-498F-9086-B3F34F43F0C4}.Ad-Hoc|Any CPU.Build.0 = Ad-Hoc|iPhone
		{9C712AAC-9723-498F-9086-B3F34F43F0C4}.Ad-Hoc|Any CPU.Deploy.0 = Ad-Hoc|iPhone
		{9C712AAC-9723-498F-9086-B3F34F43F0C4}.Ad-Hoc|iPhone.ActiveCfg = Ad-Hoc|iPhone
		{9C712AAC-9723-498F-9086-B3F34F43F0C4}.Ad-Hoc|iPhone.Build.0 = Ad-Hoc|iPhone
		{9C712AAC-9723-498F-9086-B3F34F43F0C4}.Ad-Hoc|iPhone.Deploy.0 = Ad-Hoc|iPhone
		{9C712AAC-9723-498F-9086-B3F34F43F0C4}.Ad-Hoc|iPhoneSimulator.ActiveCfg = Ad-Hoc|iPhoneSimulator
		{9C712AAC-9723-498F-9086-B3F34F43F0C4}.Ad-Hoc|iPhoneSimulator.Build.0 = Ad-Hoc|iPhoneSimulator
		{9C712AAC-9723-498F-9086-B3F34F43F0C4}.Ad-Hoc|iPhoneSimulator.Deploy.0 = Ad-Hoc|iPhoneSimulator
		{9C712AAC-9723-498F-9086-B3F34F43F0C4}.AppStore|Any CPU.ActiveCfg = AppStore|iPhone
		{9C712AAC-9723-498F-9086-B3F34F43F0C4}.AppStore|Any CPU.Build.0 = AppStore|iPhone
		{9C712AAC-9723-498F-9086-B3F34F43F0C4}.AppStore|Any CPU.Deploy.0 = AppStore|iPhone
		{9C712AAC-9723-498F-9086-B3F34F43F0C4}.AppStore|iPhone.ActiveCfg = AppStore|iPhone
		{9C712AAC-9723-498F-9086-B3F34F43F0C4}.AppStore|iPhone.Build.0 = AppStore|iPhone
		{9C712AAC-9723-498F-9086-B3F34F43F0C4}.AppStore|iPhone.Deploy.0 = AppStore|iPhone
		{9C712AAC-9723-498F-9086-B3F34F43F0C4}.AppStore|iPhoneSimulator.ActiveCfg = AppStore|iPhoneSimulator
		{9C712AAC-9723-498F-9086-B3F34F43F0C4}.AppStore|iPhoneSimulator.Build.0 = AppStore|iPhoneSimulator
		{9C712AAC-9723-498F-9086-B3F34F43F0C4}.AppStore|iPhoneSimulator.Deploy.0 = AppStore|iPhoneSimulator
		{9C712AAC-9723-498F-9086-B3F34F43F0C4}.Debug|Any CPU.ActiveCfg = Debug|iPhoneSimulator
		{9C712AAC-9723-498F-9086-B3F34F43F0C4}.Debug|Any CPU.Build.0 = Debug|iPhoneSimulator
		{9C712AAC-9723-498F-9086-B3F34F43F0C4}.Debug|Any CPU.Deploy.0 = Debug|iPhoneSimulator
		{9C712AAC-9723-498F-9086-B3F34F43F0C4}.Debug|iPhone.ActiveCfg = Debug|iPhone
		{9C712AAC-9723-498F-9086-B3F34F43F0C4}.Debug|iPhone.Build.0 = Debug|iPhone
		{9C712AAC-9723-498F-9086-B3F34F43F0C4}.Debug|iPhone.Deploy.0 = Debug|iPhone
		{9C712AAC-9723-498F-9086-B3F34F43F0C4}.Debug|iPhoneSimulator.ActiveCfg = Debug|iPhoneSimulator
		{9C712AAC-9723-498F-9086-B3F34F43F0C4}.Debug|iPhoneSimulator.Build.0 = Debug|iPhoneSimulator
		{9C712AAC-9723-498F-9086-B3F34F43F0C4}.Debug|iPhoneSimulator.Deploy.0 = Debug|iPhoneSimulator
		{9C712AAC-9723-498F-9086-B3F34F43F0C4}.Release|Any CPU.ActiveCfg = Release|iPhone
		{9C712AAC-9723-498F-9086-B3F34F43F0C4}.Release|Any CPU.Build.0 = Release|iPhone
		{9C712AAC-9723-498F-9086-B3F34F43F0C4}.Release|Any CPU.Deploy.0 = Release|iPhone
		{9C712AAC-9723-498F-9086-B3F34F43F0C4}.Release|iPhone.ActiveCfg = Release|iPhone
		{9C712AAC-9723-498F-9086-B3F34F43F0C4}.Release|iPhone.Build.0 = Release|iPhone
		{9C712AAC-9723-498F-9086-B3F34F43F0C4}.Release|iPhone.Deploy.0 = Release|iPhone
		{9C712AAC-9723-498F-9086-B3F34F43F0C4}.Release|iPhoneSimulator.ActiveCfg = Release|iPhoneSimulator
		{9C712AAC-9723-498F-9086-B3F34F43F0C4}.Release|iPhoneSimulator.Build.0 = Release|iPhoneSimulator
		{9C712AAC-9723-498F-9086-B3F34F43F0C4}.Release|iPhoneSimulator.Deploy.0 = Release|iPhoneSimulator
		{57FBB575-C6C8-4D0E-87B0-E9B6E803E588}.Ad-Hoc|Any CPU.ActiveCfg = Debug|Any CPU
		{57FBB575-C6C8-4D0E-87B0-E9B6E803E588}.Ad-Hoc|Any CPU.Build.0 = Debug|Any CPU
		{57FBB575-C6C8-4D0E-87B0-E9B6E803E588}.Ad-Hoc|Any CPU.Deploy.0 = Debug|Any CPU
		{57FBB575-C6C8-4D0E-87B0-E9B6E803E588}.Ad-Hoc|iPhone.ActiveCfg = Debug|Any CPU
		{57FBB575-C6C8-4D0E-87B0-E9B6E803E588}.Ad-Hoc|iPhone.Build.0 = Debug|Any CPU
		{57FBB575-C6C8-4D0E-87B0-E9B6E803E588}.Ad-Hoc|iPhone.Deploy.0 = Debug|Any CPU
		{57FBB575-C6C8-4D0E-87B0-E9B6E803E588}.Ad-Hoc|iPhoneSimulator.ActiveCfg = Debug|Any CPU
		{57FBB575-C6C8-4D0E-87B0-E9B6E803E588}.Ad-Hoc|iPhoneSimulator.Build.0 = Debug|Any CPU
		{57FBB575-C6C8-4D0E-87B0-E9B6E803E588}.Ad-Hoc|iPhoneSimulator.Deploy.0 = Debug|Any CPU
		{57FBB575-C6C8-4D0E-87B0-E9B6E803E588}.AppStore|Any CPU.ActiveCfg = Debug|Any CPU
		{57FBB575-C6C8-4D0E-87B0-E9B6E803E588}.AppStore|Any CPU.Build.0 = Debug|Any CPU
		{57FBB575-C6C8-4D0E-87B0-E9B6E803E588}.AppStore|Any CPU.Deploy.0 = Debug|Any CPU
		{57FBB575-C6C8-4D0E-87B0-E9B6E803E588}.AppStore|iPhone.ActiveCfg = Debug|Any CPU
		{57FBB575-C6C8-4D0E-87B0-E9B6E803E588}.AppStore|iPhone.Build.0 = Debug|Any CPU
		{57FBB575-C6C8-4D0E-87B0-E9B6E803E588}.AppStore|iPhone.Deploy.0 = Debug|Any CPU
		{57FBB575-C6C8-4D0E-87B0-E9B6E803E588}.AppStore|iPhoneSimulator.ActiveCfg = Debug|Any CPU
		{57FBB575-C6C8-4D0E-87B0-E9B6E803E588}.AppStore|iPhoneSimulator.Build.0 = Debug|Any CPU
		{57FBB575-C6C8-4D0E-87B0-E9B6E803E588}.AppStore|iPhoneSimulator.Deploy.0 = Debug|Any CPU
		{57FBB575-C6C8-4D0E-87B0-E9B6E803E588}.Debug|Any CPU.ActiveCfg = Debug|Any CPU
		{57FBB575-C6C8-4D0E-87B0-E9B6E803E588}.Debug|Any CPU.Build.0 = Debug|Any CPU
		{57FBB575-C6C8-4D0E-87B0-E9B6E803E588}.Debug|Any CPU.Deploy.0 = Debug|Any CPU
		{57FBB575-C6C8-4D0E-87B0-E9B6E803E588}.Debug|iPhone.ActiveCfg = Debug|Any CPU
		{57FBB575-C6C8-4D0E-87B0-E9B6E803E588}.Debug|iPhone.Build.0 = Debug|Any CPU
		{57FBB575-C6C8-4D0E-87B0-E9B6E803E588}.Debug|iPhone.Deploy.0 = Debug|Any CPU
		{57FBB575-C6C8-4D0E-87B0-E9B6E803E588}.Debug|iPhoneSimulator.ActiveCfg = Debug|Any CPU
		{57FBB575-C6C8-4D0E-87B0-E9B6E803E588}.Debug|iPhoneSimulator.Build.0 = Debug|Any CPU
		{57FBB575-C6C8-4D0E-87B0-E9B6E803E588}.Debug|iPhoneSimulator.Deploy.0 = Debug|Any CPU
		{57FBB575-C6C8-4D0E-87B0-E9B6E803E588}.Release|Any CPU.ActiveCfg = Release|Any CPU
		{57FBB575-C6C8-4D0E-87B0-E9B6E803E588}.Release|Any CPU.Build.0 = Release|Any CPU
		{57FBB575-C6C8-4D0E-87B0-E9B6E803E588}.Release|Any CPU.Deploy.0 = Release|Any CPU
		{57FBB575-C6C8-4D0E-87B0-E9B6E803E588}.Release|iPhone.ActiveCfg = Release|Any CPU
		{57FBB575-C6C8-4D0E-87B0-E9B6E803E588}.Release|iPhone.Build.0 = Release|Any CPU
		{57FBB575-C6C8-4D0E-87B0-E9B6E803E588}.Release|iPhone.Deploy.0 = Release|Any CPU
		{57FBB575-C6C8-4D0E-87B0-E9B6E803E588}.Release|iPhoneSimulator.ActiveCfg = Release|Any CPU
		{57FBB575-C6C8-4D0E-87B0-E9B6E803E588}.Release|iPhoneSimulator.Build.0 = Release|Any CPU
		{57FBB575-C6C8-4D0E-87B0-E9B6E803E588}.Release|iPhoneSimulator.Deploy.0 = Release|Any CPU
	EndGlobalSection
	GlobalSection(SolutionProperties) = preSolution
		HideSolutionNode = FALSE
	EndGlobalSection
	GlobalSection(ExtensibilityGlobals) = postSolution
		SolutionGuid = {62E88B5B-0E18-4830-818C-403D074786AC}
	EndGlobalSection
EndGlobal
